
Microsoft Visual Studio Solution File, Format Version 12.00
# Visual Studio 15
VisualStudioVersion = 15.0.28010.2026
MinimumVisualStudioVersion = 10.0.40219.1
Project("{FAE04EC0-301F-11D3-BF4B-00C04F79EFBC}") = "Test servers connection", "WindowsFormsApplication1\Test servers connection.csproj", "{8D3B652D-2D31-414D-9E51-4C34BD5F8644}"
EndProject
Global
	GlobalSection(SolutionConfigurationPlatforms) = preSolution
		Debug|Any CPU = Debug|Any CPU
		Release|Any CPU = Release|Any CPU
	EndGlobalSection
	GlobalSection(ProjectConfigurationPlatforms) = postSolution
		{8D3B652D-2D31-414D-9E51-4C34BD5F8644}.Debug|Any CPU.ActiveCfg = Debug|Any CPU
		{8D3B652D-2D31-414D-9E51-4C34BD5F8644}.Debug|Any CPU.Build.0 = Debug|Any CPU
		{8D3B652D-2D31-414D-9E51-4C34BD5F8644}.Release|Any CPU.ActiveCfg = Release|Any CPU
		{8D3B652D-2D31-414D-9E51-4C34BD5F8644}.Release|Any CPU.Build.0 = Release|Any CPU
	EndGlobalSection
	GlobalSection(SolutionProperties) = preSolution
		HideSolutionNode = FALSE
	EndGlobalSection
	GlobalSection(ExtensibilityGlobals) = postSolution
		SolutionGuid = {19D63B89-1234-4DF4-8889-0DF04AE5AE5D}
	EndGlobalSection
EndGlobal
